
Microsoft Visual Studio Solution File, Format Version 12.00
# Visual Studio Version 18
VisualStudioVersion = 18.0.11201.2
MinimumVisualStudioVersion = 10.0.40219.1
Project("{9A19103F-16F7-4668-BE54-9A1E7A4F7556}") = "KameraData", "2_KameraData\KameraData.csproj", "{4E872EEF-883E-477D-B00E-3CA6ADE7FAE2}"
EndProject
Project("{FAE04EC0-301F-11D3-BF4B-00C04F79EFBC}") = "SharedMicroserviceLibrary", "SharedMicroserviceLibrary\SharedMicroserviceLibrary.csproj", "{2687B302-0736-40A5-9B10-A0A50F0261A9}"
EndProject
Project("{FAE04EC0-301F-11D3-BF4B-00C04F79EFBC}") = "WebApi_UserService", "WebApi_UserService\WebApi_UserService.csproj", "{A15A9F9C-803E-54CB-AB14-CEA88005EC37}"
EndProject
Project("{FAE04EC0-301F-11D3-BF4B-00C04F79EFBC}") = "WebApi_UniqModelService", "WebApi_UniqModelService\WebApi_UniqModelService.csproj", "{EF8EBF0E-042B-71CC-D046-87EA5FE9AEDD}"
EndProject
Project("{FAE04EC0-301F-11D3-BF4B-00C04F79EFBC}") = "WebApi_StopWordsService", "WebApi_StopWordsService\WebApi_StopWordsService.csproj", "{AEBB0CD1-A8B2-002E-DBED-1528B8F90938}"
EndProject
Project("{FAE04EC0-301F-11D3-BF4B-00C04F79EFBC}") = "WebApi_StockCredsService", "WebApi_StockCredsService\WebApi_StockCredsService.csproj", "{F42E660A-A887-0A50-648A-9971AF96626D}"
EndProject
Project("{FAE04EC0-301F-11D3-BF4B-00C04F79EFBC}") = "WebApi_ResponsesService", "WebApi_ResponsesService\WebApi_ResponsesService.csproj", "{E4EB95F1-2443-58F2-5D37-1D4A86951DFB}"
EndProject
Project("{FAE04EC0-301F-11D3-BF4B-00C04F79EFBC}") = "WebApi_ReplacesArchiveService", "WebApi_ReplacesArchiveService\WebApi_ReplacesArchiveService.csproj", "{4774BFC6-A8BF-8A31-B2F5-BC7B2DAF5424}"
EndProject
Project("{FAE04EC0-301F-11D3-BF4B-00C04F79EFBC}") = "WebApi_ProxyService", "WebApi_ProxyService\WebApi_ProxyService.csproj", "{A444810C-5344-1A8F-07E0-50F07228B313}"
EndProject
Project("{FAE04EC0-301F-11D3-BF4B-00C04F79EFBC}") = "WebApi_ErrorLogService", "WebApi_ErrorLogService\WebApi_ErrorLogService.csproj", "{710BBF25-C874-B1DB-7717-57A44E4B7407}"
EndProject
Project("{FAE04EC0-301F-11D3-BF4B-00C04F79EFBC}") = "WebApi_PricebotTasksService", "WebApi_PricebotTasksService\WebApi_PricebotTasksService.csproj", "{7760A8C6-1A4E-B354-2EA7-5E4246E26813}"
EndProject
Project("{FAE04EC0-301F-11D3-BF4B-00C04F79EFBC}") = "WebApi_ImageJobService", "WebApi_ImageJobService\WebApi_ImageJobService.csproj", "{1800AEE2-EA36-F2EE-19EC-51024606479F}"
EndProject
Project("{FAE04EC0-301F-11D3-BF4B-00C04F79EFBC}") = "WebApi_JobService", "WebApi_JobService\WebApi_JobService.csproj", "{15839656-9CB1-CFC7-8BB9-DD867B81E300}"
EndProject
Project("{FAE04EC0-301F-11D3-BF4B-00C04F79EFBC}") = "WebApi_PartsPicArchiveService", "WebApi_PartsPicArchiveService\WebApi_PartsPicArchiveService.csproj", "{FF58D200-A2EB-2B0A-1CC4-0B3073238759}"
EndProject
Project("{FAE04EC0-301F-11D3-BF4B-00C04F79EFBC}") = "WebApi_PartSourceService", "WebApi_PartSourceService\WebApi_PartSourceService.csproj", "{68795CA8-68B4-10A8-AFCA-F9EAFE5A7A25}"
EndProject
Project("{FAE04EC0-301F-11D3-BF4B-00C04F79EFBC}") = "WebApi_PartsService", "WebApi_PartsService\WebApi_PartsService.csproj", "{D19D6B95-4662-2B62-4DF6-E67F3621E3AD}"
EndProject
Project("{FAE04EC0-301F-11D3-BF4B-00C04F79EFBC}") = "WebApi_JobDocumentService", "WebApi_JobDocumentService\WebApi_JobDocumentService.csproj", "{A9B7EC0B-9A6D-E2BF-FB8B-A9503F74320E}"
EndProject
Project("{FAE04EC0-301F-11D3-BF4B-00C04F79EFBC}") = "WebApi_ModelNumberService", "WebApi_ModelNumberService\WebApi_ModelNumberService.csproj", "{1D0D5BEF-1F66-1E9F-FD1F-25FC5BBD3745}"
EndProject
Project("{FAE04EC0-301F-11D3-BF4B-00C04F79EFBC}") = "WebApi_ModelService", "WebApi_ModelService\WebApi_ModelService.csproj", "{D4D9C3B9-7DB7-0173-0622-6E1A0A83696C}"
EndProject
Project("{FAE04EC0-301F-11D3-BF4B-00C04F79EFBC}") = "WebApi_JobStockService", "WebApi_JobStockService\WebApi_JobStockService.csproj", "{2B44FC09-3B0F-BDF6-3150-61EBA4C5C617}"
EndProject
Project("{FAE04EC0-301F-11D3-BF4B-00C04F79EFBC}") = "WebApi_applications", "WebApi_ApplicationService\WebApi_applications.csproj", "{2D7ACEF1-AD46-3FEB-EB53-D9E0CD264B88}"
EndProject
Project("{FAE04EC0-301F-11D3-BF4B-00C04F79EFBC}") = "WebApi_document", "WebApi_DocumentService\WebApi_document.csproj", "{0F91D302-58DC-A572-BA6C-F3C41C934B7A}"
EndProject
Global
	GlobalSection(SolutionConfigurationPlatforms) = preSolution
		Debug|Any CPU = Debug|Any CPU
		Release|Any CPU = Release|Any CPU
	EndGlobalSection
	GlobalSection(ProjectConfigurationPlatforms) = postSolution
		{4E872EEF-883E-477D-B00E-3CA6ADE7FAE2}.Debug|Any CPU.ActiveCfg = Debug|Any CPU
		{4E872EEF-883E-477D-B00E-3CA6ADE7FAE2}.Debug|Any CPU.Build.0 = Debug|Any CPU
		{4E872EEF-883E-477D-B00E-3CA6ADE7FAE2}.Release|Any CPU.ActiveCfg = Release|Any CPU
		{4E872EEF-883E-477D-B00E-3CA6ADE7FAE2}.Release|Any CPU.Build.0 = Release|Any CPU
		{2687B302-0736-40A5-9B10-A0A50F0261A9}.Debug|Any CPU.ActiveCfg = Debug|Any CPU
		{2687B302-0736-40A5-9B10-A0A50F0261A9}.Debug|Any CPU.Build.0 = Debug|Any CPU
		{2687B302-0736-40A5-9B10-A0A50F0261A9}.Release|Any CPU.ActiveCfg = Release|Any CPU
		{2687B302-0736-40A5-9B10-A0A50F0261A9}.Release|Any CPU.Build.0 = Release|Any CPU
		{A15A9F9C-803E-54CB-AB14-CEA88005EC37}.Debug|Any CPU.ActiveCfg = Debug|Any CPU
		{A15A9F9C-803E-54CB-AB14-CEA88005EC37}.Debug|Any CPU.Build.0 = Debug|Any CPU
		{A15A9F9C-803E-54CB-AB14-CEA88005EC37}.Release|Any CPU.ActiveCfg = Release|Any CPU
		{A15A9F9C-803E-54CB-AB14-CEA88005EC37}.Release|Any CPU.Build.0 = Release|Any CPU
		{EF8EBF0E-042B-71CC-D046-87EA5FE9AEDD}.Debug|Any CPU.ActiveCfg = Debug|Any CPU
		{EF8EBF0E-042B-71CC-D046-87EA5FE9AEDD}.Debug|Any CPU.Build.0 = Debug|Any CPU
		{EF8EBF0E-042B-71CC-D046-87EA5FE9AEDD}.Release|Any CPU.ActiveCfg = Release|Any CPU
		{EF8EBF0E-042B-71CC-D046-87EA5FE9AEDD}.Release|Any CPU.Build.0 = Release|Any CPU
		{AEBB0CD1-A8B2-002E-DBED-1528B8F90938}.Debug|Any CPU.ActiveCfg = Debug|Any CPU
		{AEBB0CD1-A8B2-002E-DBED-1528B8F90938}.Debug|Any CPU.Build.0 = Debug|Any CPU
		{AEBB0CD1-A8B2-002E-DBED-1528B8F90938}.Release|Any CPU.ActiveCfg = Release|Any CPU
		{AEBB0CD1-A8B2-002E-DBED-1528B8F90938}.Release|Any CPU.Build.0 = Release|Any CPU
		{F42E660A-A887-0A50-648A-9971AF96626D}.Debug|Any CPU.ActiveCfg = Debug|Any CPU
		{F42E660A-A887-0A50-648A-9971AF96626D}.Debug|Any CPU.Build.0 = Debug|Any CPU
		{F42E660A-A887-0A50-648A-9971AF96626D}.Release|Any CPU.ActiveCfg = Release|Any CPU
		{F42E660A-A887-0A50-648A-9971AF96626D}.Release|Any CPU.Build.0 = Release|Any CPU
		{E4EB95F1-2443-58F2-5D37-1D4A86951DFB}.Debug|Any CPU.ActiveCfg = Debug|Any CPU
		{E4EB95F1-2443-58F2-5D37-1D4A86951DFB}.Debug|Any CPU.Build.0 = Debug|Any CPU
		{E4EB95F1-2443-58F2-5D37-1D4A86951DFB}.Release|Any CPU.ActiveCfg = Release|Any CPU
		{E4EB95F1-2443-58F2-5D37-1D4A86951DFB}.Release|Any CPU.Build.0 = Release|Any CPU
		{4774BFC6-A8BF-8A31-B2F5-BC7B2DAF5424}.Debug|Any CPU.ActiveCfg = Debug|Any CPU
		{4774BFC6-A8BF-8A31-B2F5-BC7B2DAF5424}.Debug|Any CPU.Build.0 = Debug|Any CPU
		{4774BFC6-A8BF-8A31-B2F5-BC7B2DAF5424}.Release|Any CPU.ActiveCfg = Release|Any CPU
		{4774BFC6-A8BF-8A31-B2F5-BC7B2DAF5424}.Release|Any CPU.Build.0 = Release|Any CPU
		{A444810C-5344-1A8F-07E0-50F07228B313}.Debug|Any CPU.ActiveCfg = Debug|Any CPU
		{A444810C-5344-1A8F-07E0-50F07228B313}.Debug|Any CPU.Build.0 = Debug|Any CPU
		{A444810C-5344-1A8F-07E0-50F07228B313}.Release|Any CPU.ActiveCfg = Release|Any CPU
		{A444810C-5344-1A8F-07E0-50F07228B313}.Release|Any CPU.Build.0 = Release|Any CPU
		{710BBF25-C874-B1DB-7717-57A44E4B7407}.Debug|Any CPU.ActiveCfg = Debug|Any CPU
		{710BBF25-C874-B1DB-7717-57A44E4B7407}.Debug|Any CPU.Build.0 = Debug|Any CPU
		{710BBF25-C874-B1DB-7717-57A44E4B7407}.Release|Any CPU.ActiveCfg = Release|Any CPU
		{710BBF25-C874-B1DB-7717-57A44E4B7407}.Release|Any CPU.Build.0 = Release|Any CPU
		{7760A8C6-1A4E-B354-2EA7-5E4246E26813}.Debug|Any CPU.ActiveCfg = Debug|Any CPU
		{7760A8C6-1A4E-B354-2EA7-5E4246E26813}.Debug|Any CPU.Build.0 = Debug|Any CPU
		{7760A8C6-1A4E-B354-2EA7-5E4246E26813}.Release|Any CPU.ActiveCfg = Release|Any CPU
		{7760A8C6-1A4E-B354-2EA7-5E4246E26813}.Release|Any CPU.Build.0 = Release|Any CPU
		{1800AEE2-EA36-F2EE-19EC-51024606479F}.Debug|Any CPU.ActiveCfg = Debug|Any CPU
		{1800AEE2-EA36-F2EE-19EC-51024606479F}.Debug|Any CPU.Build.0 = Debug|Any CPU
		{1800AEE2-EA36-F2EE-19EC-51024606479F}.Release|Any CPU.ActiveCfg = Release|Any CPU
		{1800AEE2-EA36-F2EE-19EC-51024606479F}.Release|Any CPU.Build.0 = Release|Any CPU
		{15839656-9CB1-CFC7-8BB9-DD867B81E300}.Debug|Any CPU.ActiveCfg = Debug|Any CPU
		{15839656-9CB1-CFC7-8BB9-DD867B81E300}.Debug|Any CPU.Build.0 = Debug|Any CPU
		{15839656-9CB1-CFC7-8BB9-DD867B81E300}.Release|Any CPU.ActiveCfg = Release|Any CPU
		{15839656-9CB1-CFC7-8BB9-DD867B81E300}.Release|Any CPU.Build.0 = Release|Any CPU
		{FF58D200-A2EB-2B0A-1CC4-0B3073238759}.Debug|Any CPU.ActiveCfg = Debug|Any CPU
		{FF58D200-A2EB-2B0A-1CC4-0B3073238759}.Debug|Any CPU.Build.0 = Debug|Any CPU
		{FF58D200-A2EB-2B0A-1CC4-0B3073238759}.Release|Any CPU.ActiveCfg = Release|Any CPU
		{FF58D200-A2EB-2B0A-1CC4-0B3073238759}.Release|Any CPU.Build.0 = Release|Any CPU
		{68795CA8-68B4-10A8-AFCA-F9EAFE5A7A25}.Debug|Any CPU.ActiveCfg = Debug|Any CPU
		{68795CA8-68B4-10A8-AFCA-F9EAFE5A7A25}.Debug|Any CPU.Build.0 = Debug|Any CPU
		{68795CA8-68B4-10A8-AFCA-F9EAFE5A7A25}.Release|Any CPU.ActiveCfg = Release|Any CPU
		{68795CA8-68B4-10A8-AFCA-F9EAFE5A7A25}.Release|Any CPU.Build.0 = Release|Any CPU
		{D19D6B95-4662-2B62-4DF6-E67F3621E3AD}.Debug|Any CPU.ActiveCfg = Debug|Any CPU
		{D19D6B95-4662-2B62-4DF6-E67F3621E3AD}.Debug|Any CPU.Build.0 = Debug|Any CPU
		{D19D6B95-4662-2B62-4DF6-E67F3621E3AD}.Release|Any CPU.ActiveCfg = Release|Any CPU
		{D19D6B95-4662-2B62-4DF6-E67F3621E3AD}.Release|Any CPU.Build.0 = Release|Any CPU
		{A9B7EC0B-9A6D-E2BF-FB8B-A9503F74320E}.Debug|Any CPU.ActiveCfg = Debug|Any CPU
		{A9B7EC0B-9A6D-E2BF-FB8B-A9503F74320E}.Debug|Any CPU.Build.0 = Debug|Any CPU
		{A9B7EC0B-9A6D-E2BF-FB8B-A9503F74320E}.Release|Any CPU.ActiveCfg = Release|Any CPU
		{A9B7EC0B-9A6D-E2BF-FB8B-A9503F74320E}.Release|Any CPU.Build.0 = Release|Any CPU
		{1D0D5BEF-1F66-1E9F-FD1F-25FC5BBD3745}.Debug|Any CPU.ActiveCfg = Debug|Any CPU
		{1D0D5BEF-1F66-1E9F-FD1F-25FC5BBD3745}.Debug|Any CPU.Build.0 = Debug|Any CPU
		{1D0D5BEF-1F66-1E9F-FD1F-25FC5BBD3745}.Release|Any CPU.ActiveCfg = Release|Any CPU
		{1D0D5BEF-1F66-1E9F-FD1F-25FC5BBD3745}.Release|Any CPU.Build.0 = Release|Any CPU
		{D4D9C3B9-7DB7-0173-0622-6E1A0A83696C}.Debug|Any CPU.ActiveCfg = Debug|Any CPU
		{D4D9C3B9-7DB7-0173-0622-6E1A0A83696C}.Debug|Any CPU.Build.0 = Debug|Any CPU
		{D4D9C3B9-7DB7-0173-0622-6E1A0A83696C}.Release|Any CPU.ActiveCfg = Release|Any CPU
		{D4D9C3B9-7DB7-0173-0622-6E1A0A83696C}.Release|Any CPU.Build.0 = Release|Any CPU
		{2B44FC09-3B0F-BDF6-3150-61EBA4C5C617}.Debug|Any CPU.ActiveCfg = Debug|Any CPU
		{2B44FC09-3B0F-BDF6-3150-61EBA4C5C617}.Debug|Any CPU.Build.0 = Debug|Any CPU
		{2B44FC09-3B0F-BDF6-3150-61EBA4C5C617}.Release|Any CPU.ActiveCfg = Release|Any CPU
		{2B44FC09-3B0F-BDF6-3150-61EBA4C5C617}.Release|Any CPU.Build.0 = Release|Any CPU
		{2D7ACEF1-AD46-3FEB-EB53-D9E0CD264B88}.Debug|Any CPU.ActiveCfg = Debug|Any CPU
		{2D7ACEF1-AD46-3FEB-EB53-D9E0CD264B88}.Debug|Any CPU.Build.0 = Debug|Any CPU
		{2D7ACEF1-AD46-3FEB-EB53-D9E0CD264B88}.Release|Any CPU.ActiveCfg = Release|Any CPU
		{2D7ACEF1-AD46-3FEB-EB53-D9E0CD264B88}.Release|Any CPU.Build.0 = Release|Any CPU
		{0F91D302-58DC-A572-BA6C-F3C41C934B7A}.Debug|Any CPU.ActiveCfg = Debug|Any CPU
		{0F91D302-58DC-A572-BA6C-F3C41C934B7A}.Debug|Any CPU.Build.0 = Debug|Any CPU
		{0F91D302-58DC-A572-BA6C-F3C41C934B7A}.Release|Any CPU.ActiveCfg = Release|Any CPU
		{0F91D302-58DC-A572-BA6C-F3C41C934B7A}.Release|Any CPU.Build.0 = Release|Any CPU
	EndGlobalSection
	GlobalSection(SolutionProperties) = preSolution
		HideSolutionNode = FALSE
	EndGlobalSection
	GlobalSection(ExtensibilityGlobals) = postSolution
		SolutionGuid = {5CD11406-E1B6-47D4-9921-24DCB4BF1F76}
	EndGlobalSection
EndGlobal
